// !$*UTF8*$!
{
	archiveVersion = 1;
	classes = {
	};
	objectVersion = 46;
	objects = {

/* Begin PBXBuildFile section */
		7DA581C22134E546004E0BB5 /* ResponseModel.m in Sources */ = {isa = PBXBuildFile; fileRef = 7DA581C02134E546004E0BB5 /* ResponseModel.m */; };
		84752AAA1FB03F4A004FFC91 /* UIColor+Util.m in Sources */ = {isa = PBXBuildFile; fileRef = 84752AA01FB03F48004FFC91 /* UIColor+Util.m */; };
		84752AAB1FB03F4A004FFC91 /* UIImage+ColorImage.m in Sources */ = {isa = PBXBuildFile; fileRef = 84752AA11FB03F48004FFC91 /* UIImage+ColorImage.m */; };
		84752AAC1FB03F4A004FFC91 /* MBProgressHUD+QY.m in Sources */ = {isa = PBXBuildFile; fileRef = 84752AA21FB03F49004FFC91 /* MBProgressHUD+QY.m */; };
		84752AAD1FB03F4A004FFC91 /* UIView+Util.m in Sources */ = {isa = PBXBuildFile; fileRef = 84752AA51FB03F49004FFC91 /* UIView+Util.m */; };
		992A5AA21EC95198006B6ABD /* MainTableVC.m in Sources */ = {isa = PBXBuildFile; fileRef = 992A5AA11EC95198006B6ABD /* MainTableVC.m */; };
		992A5AA61EC95781006B6ABD /* UIPlaceHolderTextView.mm in Sources */ = {isa = PBXBuildFile; fileRef = 992A5AA51EC95781006B6ABD /* UIPlaceHolderTextView.mm */; };
		992A5AA91EC95A79006B6ABD /* AFNetworkingDefaultVC.m in Sources */ = {isa = PBXBuildFile; fileRef = 992A5AA81EC95A79006B6ABD /* AFNetworkingDefaultVC.m */; };
		992A5AB61EC998DF006B6ABD /* QYAFNetWork.m in Sources */ = {isa = PBXBuildFile; fileRef = 992A5AB51EC998DF006B6ABD /* QYAFNetWork.m */; };
		992A5AC51EC9B3E9006B6ABD /* QYNativeNetWork.m in Sources */ = {isa = PBXBuildFile; fileRef = 992A5AC41EC9B3E9006B6ABD /* QYNativeNetWork.m */; };
		9944E8291EC06B3C004971A0 /* main.m in Sources */ = {isa = PBXBuildFile; fileRef = 9944E8281EC06B3C004971A0 /* main.m */; };
		9944E82C1EC06B3C004971A0 /* AppDelegate.m in Sources */ = {isa = PBXBuildFile; fileRef = 9944E82B1EC06B3C004971A0 /* AppDelegate.m */; };
		9944E8321EC06B3C004971A0 /* Main.storyboard in Resources */ = {isa = PBXBuildFile; fileRef = 9944E8301EC06B3C004971A0 /* Main.storyboard */; };
		9944E8341EC06B3C004971A0 /* Assets.xcassets in Resources */ = {isa = PBXBuildFile; fileRef = 9944E8331EC06B3C004971A0 /* Assets.xcassets */; };
		9944E8371EC06B3C004971A0 /* LaunchScreen.storyboard in Resources */ = {isa = PBXBuildFile; fileRef = 9944E8351EC06B3C004971A0 /* LaunchScreen.storyboard */; };
		9947802E1EE7DD90003D935A /* CoreData.framework in Frameworks */ = {isa = PBXBuildFile; fileRef = 9947802D1EE7DD90003D935A /* CoreData.framework */; };
		9994FAF51EC5497D0042CFE6 /* UIViewController+CurrentVc.m in Sources */ = {isa = PBXBuildFile; fileRef = 9994FAF41EC5497D0042CFE6 /* UIViewController+CurrentVc.m */; };
		99F86B4A1EE7E9DD0065AADE /* Person.xcdatamodeld in Sources */ = {isa = PBXBuildFile; fileRef = 99F86B481EE7E9DD0065AADE /* Person.xcdatamodeld */; };
		99FC7CF61EF4C2180061359E /* QYDateUtil.m in Sources */ = {isa = PBXBuildFile; fileRef = 99FC7CF51EF4C2180061359E /* QYDateUtil.m */; };
		99FC7CFA1EF4C2F30061359E /* Foundation+Log.m in Sources */ = {isa = PBXBuildFile; fileRef = 99FC7CF91EF4C2F30061359E /* Foundation+Log.m */; };
		C1AF5501CD83A7BF01E26C96 /* libPods-QYTools.a in Frameworks */ = {isa = PBXBuildFile; fileRef = 65784CFE204417EE4008C232 /* libPods-QYTools.a */; };
/* End PBXBuildFile section */

/* Begin PBXFileReference section */
		3FEA69CC05BF93135B5DAF57 /* Pods-QYTools.debug.xcconfig */ = {isa = PBXFileReference; includeInIndex = 1; lastKnownFileType = text.xcconfig; name = "Pods-QYTools.debug.xcconfig"; path = "Pods/Target Support Files/Pods-QYTools/Pods-QYTools.debug.xcconfig"; sourceTree = "<group>"; };
		5228D9F6776A0A269783B8BC /* Pods-QYTools.release.xcconfig */ = {isa = PBXFileReference; includeInIndex = 1; lastKnownFileType = text.xcconfig; name = "Pods-QYTools.release.xcconfig"; path = "Pods/Target Support Files/Pods-QYTools/Pods-QYTools.release.xcconfig"; sourceTree = "<group>"; };
		65784CFE204417EE4008C232 /* libPods-QYTools.a */ = {isa = PBXFileReference; explicitFileType = archive.ar; includeInIndex = 0; path = "libPods-QYTools.a"; sourceTree = BUILT_PRODUCTS_DIR; };
		7DA581BF2134E49B004E0BB5 /* NetWorkUtil.h */ = {isa = PBXFileReference; lastKnownFileType = sourcecode.c.h; path = NetWorkUtil.h; sourceTree = "<group>"; };
		7DA581C02134E546004E0BB5 /* ResponseModel.m */ = {isa = PBXFileReference; fileEncoding = 4; lastKnownFileType = sourcecode.c.objc; path = ResponseModel.m; sourceTree = "<group>"; };
		7DA581C12134E546004E0BB5 /* ResponseModel.h */ = {isa = PBXFileReference; fileEncoding = 4; lastKnownFileType = sourcecode.c.h; path = ResponseModel.h; sourceTree = "<group>"; };
		84752AA01FB03F48004FFC91 /* UIColor+Util.m */ = {isa = PBXFileReference; fileEncoding = 4; lastKnownFileType = sourcecode.c.objc; path = "UIColor+Util.m"; sourceTree = "<group>"; };
		84752AA11FB03F48004FFC91 /* UIImage+ColorImage.m */ = {isa = PBXFileReference; fileEncoding = 4; lastKnownFileType = sourcecode.c.objc; path = "UIImage+ColorImage.m"; sourceTree = "<group>"; };
		84752AA21FB03F49004FFC91 /* MBProgressHUD+QY.m */ = {isa = PBXFileReference; fileEncoding = 4; lastKnownFileType = sourcecode.c.objc; path = "MBProgressHUD+QY.m"; sourceTree = "<group>"; };
		84752AA31FB03F49004FFC91 /* UIView+Util.h */ = {isa = PBXFileReference; fileEncoding = 4; lastKnownFileType = sourcecode.c.h; path = "UIView+Util.h"; sourceTree = "<group>"; };
		84752AA51FB03F49004FFC91 /* UIView+Util.m */ = {isa = PBXFileReference; fileEncoding = 4; lastKnownFileType = sourcecode.c.objc; path = "UIView+Util.m"; sourceTree = "<group>"; };
		84752AA61FB03F49004FFC91 /* UIImage+ColorImage.h */ = {isa = PBXFileReference; fileEncoding = 4; lastKnownFileType = sourcecode.c.h; path = "UIImage+ColorImage.h"; sourceTree = "<group>"; };
		84752AA81FB03F49004FFC91 /* UIColor+Util.h */ = {isa = PBXFileReference; fileEncoding = 4; lastKnownFileType = sourcecode.c.h; path = "UIColor+Util.h"; sourceTree = "<group>"; };
		84752AA91FB03F49004FFC91 /* MBProgressHUD+QY.h */ = {isa = PBXFileReference; fileEncoding = 4; lastKnownFileType = sourcecode.c.h; path = "MBProgressHUD+QY.h"; sourceTree = "<group>"; };
		992A5AA01EC95198006B6ABD /* MainTableVC.h */ = {isa = PBXFileReference; fileEncoding = 4; lastKnownFileType = sourcecode.c.h; path = MainTableVC.h; sourceTree = "<group>"; };
		992A5AA11EC95198006B6ABD /* MainTableVC.m */ = {isa = PBXFileReference; fileEncoding = 4; lastKnownFileType = sourcecode.c.objc; path = MainTableVC.m; sourceTree = "<group>"; };
		992A5AA41EC95776006B6ABD /* UIPlaceHolderTextView.h */ = {isa = PBXFileReference; fileEncoding = 4; lastKnownFileType = sourcecode.c.h; path = UIPlaceHolderTextView.h; sourceTree = "<group>"; };
		992A5AA51EC95781006B6ABD /* UIPlaceHolderTextView.mm */ = {isa = PBXFileReference; fileEncoding = 4; lastKnownFileType = sourcecode.cpp.objcpp; path = UIPlaceHolderTextView.mm; sourceTree = "<group>"; };
		992A5AA71EC95A79006B6ABD /* AFNetworkingDefaultVC.h */ = {isa = PBXFileReference; fileEncoding = 4; lastKnownFileType = sourcecode.c.h; path = AFNetworkingDefaultVC.h; sourceTree = "<group>"; };
		992A5AA81EC95A79006B6ABD /* AFNetworkingDefaultVC.m */ = {isa = PBXFileReference; fileEncoding = 4; lastKnownFileType = sourcecode.c.objc; path = AFNetworkingDefaultVC.m; sourceTree = "<group>"; };
		992A5AB41EC998DF006B6ABD /* QYAFNetWork.h */ = {isa = PBXFileReference; fileEncoding = 4; lastKnownFileType = sourcecode.c.h; path = QYAFNetWork.h; sourceTree = "<group>"; };
		992A5AB51EC998DF006B6ABD /* QYAFNetWork.m */ = {isa = PBXFileReference; fileEncoding = 4; lastKnownFileType = sourcecode.c.objc; path = QYAFNetWork.m; sourceTree = "<group>"; };
		992A5AC31EC9B3E9006B6ABD /* QYNativeNetWork.h */ = {isa = PBXFileReference; fileEncoding = 4; lastKnownFileType = sourcecode.c.h; path = QYNativeNetWork.h; sourceTree = "<group>"; };
		992A5AC41EC9B3E9006B6ABD /* QYNativeNetWork.m */ = {isa = PBXFileReference; fileEncoding = 4; lastKnownFileType = sourcecode.c.objc; path = QYNativeNetWork.m; sourceTree = "<group>"; };
		9944E8241EC06B3C004971A0 /* QYTools.app */ = {isa = PBXFileReference; explicitFileType = wrapper.application; includeInIndex = 0; path = QYTools.app; sourceTree = BUILT_PRODUCTS_DIR; };
		9944E8281EC06B3C004971A0 /* main.m */ = {isa = PBXFileReference; lastKnownFileType = sourcecode.c.objc; path = main.m; sourceTree = "<group>"; };
		9944E82A1EC06B3C004971A0 /* AppDelegate.h */ = {isa = PBXFileReference; lastKnownFileType = sourcecode.c.h; path = AppDelegate.h; sourceTree = "<group>"; };
		9944E82B1EC06B3C004971A0 /* AppDelegate.m */ = {isa = PBXFileReference; lastKnownFileType = sourcecode.c.objc; path = AppDelegate.m; sourceTree = "<group>"; };
		9944E8311EC06B3C004971A0 /* Base */ = {isa = PBXFileReference; lastKnownFileType = file.storyboard; name = Base; path = Base.lproj/Main.storyboard; sourceTree = "<group>"; };
		9944E8331EC06B3C004971A0 /* Assets.xcassets */ = {isa = PBXFileReference; lastKnownFileType = folder.assetcatalog; path = Assets.xcassets; sourceTree = "<group>"; };
		9944E8361EC06B3C004971A0 /* Base */ = {isa = PBXFileReference; lastKnownFileType = file.storyboard; name = Base; path = Base.lproj/LaunchScreen.storyboard; sourceTree = "<group>"; };
		9944E8381EC06B3C004971A0 /* Info.plist */ = {isa = PBXFileReference; lastKnownFileType = text.plist.xml; path = Info.plist; sourceTree = "<group>"; };
		9947802C1EE7DC58003D935A /* QYTools.pch */ = {isa = PBXFileReference; fileEncoding = 4; lastKnownFileType = sourcecode.c.h; path = QYTools.pch; sourceTree = "<group>"; };
		9947802D1EE7DD90003D935A /* CoreData.framework */ = {isa = PBXFileReference; lastKnownFileType = wrapper.framework; name = CoreData.framework; path = System/Library/Frameworks/CoreData.framework; sourceTree = SDKROOT; };
		9994FAF31EC5497D0042CFE6 /* UIViewController+CurrentVc.h */ = {isa = PBXFileReference; fileEncoding = 4; lastKnownFileType = sourcecode.c.h; path = "UIViewController+CurrentVc.h"; sourceTree = "<group>"; };
		9994FAF41EC5497D0042CFE6 /* UIViewController+CurrentVc.m */ = {isa = PBXFileReference; fileEncoding = 4; lastKnownFileType = sourcecode.c.objc; path = "UIViewController+CurrentVc.m"; sourceTree = "<group>"; };
		99F86B491EE7E9DD0065AADE /* Person.xcdatamodel */ = {isa = PBXFileReference; lastKnownFileType = wrapper.xcdatamodel; path = Person.xcdatamodel; sourceTree = "<group>"; };
		99F86B4B1EE7EA280065AADE /* Person 2.xcdatamodel */ = {isa = PBXFileReference; lastKnownFileType = wrapper.xcdatamodel; path = "Person 2.xcdatamodel"; sourceTree = "<group>"; };
		99FC7CF41EF4C2180061359E /* QYDateUtil.h */ = {isa = PBXFileReference; fileEncoding = 4; lastKnownFileType = sourcecode.c.h; path = QYDateUtil.h; sourceTree = "<group>"; };
		99FC7CF51EF4C2180061359E /* QYDateUtil.m */ = {isa = PBXFileReference; fileEncoding = 4; lastKnownFileType = sourcecode.c.objc; path = QYDateUtil.m; sourceTree = "<group>"; };
		99FC7CF81EF4C2540061359E /* QYMacro.h */ = {isa = PBXFileReference; lastKnownFileType = sourcecode.c.h; path = QYMacro.h; sourceTree = "<group>"; };
		99FC7CF91EF4C2F30061359E /* Foundation+Log.m */ = {isa = PBXFileReference; fileEncoding = 4; lastKnownFileType = sourcecode.c.objc; path = "Foundation+Log.m"; sourceTree = "<group>"; };
/* End PBXFileReference section */

/* Begin PBXFrameworksBuildPhase section */
		9944E8211EC06B3C004971A0 /* Frameworks */ = {
			isa = PBXFrameworksBuildPhase;
			buildActionMask = 2147483647;
			files = (
				9947802E1EE7DD90003D935A /* CoreData.framework in Frameworks */,
				C1AF5501CD83A7BF01E26C96 /* libPods-QYTools.a in Frameworks */,
			);
			runOnlyForDeploymentPostprocessing = 0;
		};
/* End PBXFrameworksBuildPhase section */

/* Begin PBXGroup section */
		992A5AA31EC9574D006B6ABD /* CustomComponent */ = {
			isa = PBXGroup;
			children = (
				992A5AA41EC95776006B6ABD /* UIPlaceHolderTextView.h */,
				992A5AA51EC95781006B6ABD /* UIPlaceHolderTextView.mm */,
			);
			path = CustomComponent;
			sourceTree = "<group>";
		};
		992A5AAA1EC95A7F006B6ABD /* Network */ = {
			isa = PBXGroup;
			children = (
				992A5AA71EC95A79006B6ABD /* AFNetworkingDefaultVC.h */,
				992A5AA81EC95A79006B6ABD /* AFNetworkingDefaultVC.m */,
			);
			name = Network;
			sourceTree = "<group>";
		};
		992A5AB31EC998B1006B6ABD /* QYNetWork */ = {
			isa = PBXGroup;
			children = (
				7DA581BF2134E49B004E0BB5 /* NetWorkUtil.h */,
				992A5AB41EC998DF006B6ABD /* QYAFNetWork.h */,
				992A5AB51EC998DF006B6ABD /* QYAFNetWork.m */,
				992A5AC31EC9B3E9006B6ABD /* QYNativeNetWork.h */,
				992A5AC41EC9B3E9006B6ABD /* QYNativeNetWork.m */,
				7DA581C12134E546004E0BB5 /* ResponseModel.h */,
				7DA581C02134E546004E0BB5 /* ResponseModel.m */,
			);
			path = QYNetWork;
			sourceTree = "<group>";
		};
		9944E81B1EC06B3C004971A0 = {
			isa = PBXGroup;
			children = (
				9944E8261EC06B3C004971A0 /* QYTools */,
				9944E8251EC06B3C004971A0 /* Products */,
				B5283E840D006631AB806B4E /* Pods */,
				DC76A5199A0FE6EF79E89417 /* Frameworks */,
			);
			sourceTree = "<group>";
		};
		9944E8251EC06B3C004971A0 /* Products */ = {
			isa = PBXGroup;
			children = (
				9944E8241EC06B3C004971A0 /* QYTools.app */,
			);
			name = Products;
			sourceTree = "<group>";
		};
		9944E8261EC06B3C004971A0 /* QYTools */ = {
			isa = PBXGroup;
			children = (
				9947802F1EE7DDCA003D935A /* MagicalRecord */,
				9944E83E1EC06BBF004971A0 /* QYDevelopUtil */,
				9944E82A1EC06B3C004971A0 /* AppDelegate.h */,
				9944E82B1EC06B3C004971A0 /* AppDelegate.m */,
				992A5AA01EC95198006B6ABD /* MainTableVC.h */,
				992A5AA11EC95198006B6ABD /* MainTableVC.m */,
				992A5AAA1EC95A7F006B6ABD /* Network */,
				9944E8301EC06B3C004971A0 /* Main.storyboard */,
				9944E8331EC06B3C004971A0 /* Assets.xcassets */,
				9944E8351EC06B3C004971A0 /* LaunchScreen.storyboard */,
				9944E8381EC06B3C004971A0 /* Info.plist */,
				9947802C1EE7DC58003D935A /* QYTools.pch */,
				9944E8271EC06B3C004971A0 /* Supporting Files */,
			);
			path = QYTools;
			sourceTree = "<group>";
		};
		9944E8271EC06B3C004971A0 /* Supporting Files */ = {
			isa = PBXGroup;
			children = (
				9944E8281EC06B3C004971A0 /* main.m */,
			);
			name = "Supporting Files";
			sourceTree = "<group>";
		};
		9944E83E1EC06BBF004971A0 /* QYDevelopUtil */ = {
			isa = PBXGroup;
			children = (
				992A5AB31EC998B1006B6ABD /* QYNetWork */,
				992A5AA31EC9574D006B6ABD /* CustomComponent */,
				9944E8471EC0798F004971A0 /* QYCategory */,
				99FC7CF81EF4C2540061359E /* QYMacro.h */,
				99FC7CF91EF4C2F30061359E /* Foundation+Log.m */,
				99FC7CF41EF4C2180061359E /* QYDateUtil.h */,
				99FC7CF51EF4C2180061359E /* QYDateUtil.m */,
			);
			path = QYDevelopUtil;
			sourceTree = "<group>";
		};
		9944E8471EC0798F004971A0 /* QYCategory */ = {
			isa = PBXGroup;
			children = (
				9994FAF31EC5497D0042CFE6 /* UIViewController+CurrentVc.h */,
				9994FAF41EC5497D0042CFE6 /* UIViewController+CurrentVc.m */,
				84752AA91FB03F49004FFC91 /* MBProgressHUD+QY.h */,
				84752AA21FB03F49004FFC91 /* MBProgressHUD+QY.m */,
				84752AA81FB03F49004FFC91 /* UIColor+Util.h */,
				84752AA01FB03F48004FFC91 /* UIColor+Util.m */,
				84752AA61FB03F49004FFC91 /* UIImage+ColorImage.h */,
				84752AA11FB03F48004FFC91 /* UIImage+ColorImage.m */,
				84752AA31FB03F49004FFC91 /* UIView+Util.h */,
				84752AA51FB03F49004FFC91 /* UIView+Util.m */,
			);
			path = QYCategory;
			sourceTree = "<group>";
		};
		9947802F1EE7DDCA003D935A /* MagicalRecord */ = {
			isa = PBXGroup;
			children = (
				99F86B481EE7E9DD0065AADE /* Person.xcdatamodeld */,
			);
			path = MagicalRecord;
			sourceTree = "<group>";
		};
		B5283E840D006631AB806B4E /* Pods */ = {
			isa = PBXGroup;
			children = (
				3FEA69CC05BF93135B5DAF57 /* Pods-QYTools.debug.xcconfig */,
				5228D9F6776A0A269783B8BC /* Pods-QYTools.release.xcconfig */,
			);
			name = Pods;
			sourceTree = "<group>";
		};
		DC76A5199A0FE6EF79E89417 /* Frameworks */ = {
			isa = PBXGroup;
			children = (
				9947802D1EE7DD90003D935A /* CoreData.framework */,
				65784CFE204417EE4008C232 /* libPods-QYTools.a */,
			);
			name = Frameworks;
			sourceTree = "<group>";
		};
/* End PBXGroup section */

/* Begin PBXNativeTarget section */
		9944E8231EC06B3C004971A0 /* QYTools */ = {
			isa = PBXNativeTarget;
			buildConfigurationList = 9944E83B1EC06B3C004971A0 /* Build configuration list for PBXNativeTarget "QYTools" */;
			buildPhases = (
				381070D884909E0FFB7170A6 /* [CP] Check Pods Manifest.lock */,
				9944E8201EC06B3C004971A0 /* Sources */,
				9944E8211EC06B3C004971A0 /* Frameworks */,
				9944E8221EC06B3C004971A0 /* Resources */,
				E956FE78327AFFAAA4F57FD9 /* [CP] Embed Pods Frameworks */,
				07BA1C08E41AC74825898362 /* [CP] Copy Pods Resources */,
			);
			buildRules = (
			);
			dependencies = (
			);
			name = QYTools;
			productName = QYTools;
			productReference = 9944E8241EC06B3C004971A0 /* QYTools.app */;
			productType = "com.apple.product-type.application";
		};
/* End PBXNativeTarget section */

/* Begin PBXProject section */
		9944E81C1EC06B3C004971A0 /* Project object */ = {
			isa = PBXProject;
			attributes = {
				LastUpgradeCheck = 0830;
				ORGANIZATIONNAME = "张庆玉";
				TargetAttributes = {
					9944E8231EC06B3C004971A0 = {
						CreatedOnToolsVersion = 8.3.2;
						DevelopmentTeam = FUT47GAT5A;
						LastSwiftMigration = 0830;
						ProvisioningStyle = Automatic;
					};
				};
			};
			buildConfigurationList = 9944E81F1EC06B3C004971A0 /* Build configuration list for PBXProject "QYTools" */;
			compatibilityVersion = "Xcode 3.2";
			developmentRegion = English;
			hasScannedForEncodings = 0;
			knownRegions = (
				en,
				Base,
			);
			mainGroup = 9944E81B1EC06B3C004971A0;
			productRefGroup = 9944E8251EC06B3C004971A0 /* Products */;
			projectDirPath = "";
			projectRoot = "";
			targets = (
				9944E8231EC06B3C004971A0 /* QYTools */,
			);
		};
/* End PBXProject section */

/* Begin PBXResourcesBuildPhase section */
		9944E8221EC06B3C004971A0 /* Resources */ = {
			isa = PBXResourcesBuildPhase;
			buildActionMask = 2147483647;
			files = (
				9944E8371EC06B3C004971A0 /* LaunchScreen.storyboard in Resources */,
				9944E8341EC06B3C004971A0 /* Assets.xcassets in Resources */,
				9944E8321EC06B3C004971A0 /* Main.storyboard in Resources */,
			);
			runOnlyForDeploymentPostprocessing = 0;
		};
/* End PBXResourcesBuildPhase section */

/* Begin PBXShellScriptBuildPhase section */
		07BA1C08E41AC74825898362 /* [CP] Copy Pods Resources */ = {
			isa = PBXShellScriptBuildPhase;
			buildActionMask = 2147483647;
			files = (
			);
			inputPaths = (
			);
			name = "[CP] Copy Pods Resources";
			outputPaths = (
			);
			runOnlyForDeploymentPostprocessing = 0;
			shellPath = /bin/sh;
			shellScript = "\"${SRCROOT}/Pods/Target Support Files/Pods-QYTools/Pods-QYTools-resources.sh\"\n";
			showEnvVarsInLog = 0;
		};
		381070D884909E0FFB7170A6 /* [CP] Check Pods Manifest.lock */ = {
			isa = PBXShellScriptBuildPhase;
			buildActionMask = 2147483647;
			files = (
			);
			inputPaths = (
				"${PODS_PODFILE_DIR_PATH}/Podfile.lock",
				"${PODS_ROOT}/Manifest.lock",
			);
			name = "[CP] Check Pods Manifest.lock";
			outputPaths = (
				"$(DERIVED_FILE_DIR)/Pods-QYTools-checkManifestLockResult.txt",
			);
			runOnlyForDeploymentPostprocessing = 0;
			shellPath = /bin/sh;
			shellScript = "diff \"${PODS_PODFILE_DIR_PATH}/Podfile.lock\" \"${PODS_ROOT}/Manifest.lock\" > /dev/null\nif [ $? != 0 ] ; then\n    # print error to STDERR\n    echo \"error: The sandbox is not in sync with the Podfile.lock. Run 'pod install' or update your CocoaPods installation.\" >&2\n    exit 1\nfi\n# This output is used by Xcode 'outputs' to avoid re-running this script phase.\necho \"SUCCESS\" > \"${SCRIPT_OUTPUT_FILE_0}\"\n";
			showEnvVarsInLog = 0;
		};
		E956FE78327AFFAAA4F57FD9 /* [CP] Embed Pods Frameworks */ = {
			isa = PBXShellScriptBuildPhase;
			buildActionMask = 2147483647;
			files = (
			);
			inputPaths = (
			);
			name = "[CP] Embed Pods Frameworks";
			outputPaths = (
			);
			runOnlyForDeploymentPostprocessing = 0;
			shellPath = /bin/sh;
			shellScript = "\"${SRCROOT}/Pods/Target Support Files/Pods-QYTools/Pods-QYTools-frameworks.sh\"\n";
			showEnvVarsInLog = 0;
		};
/* End PBXShellScriptBuildPhase section */

/* Begin PBXSourcesBuildPhase section */
		9944E8201EC06B3C004971A0 /* Sources */ = {
			isa = PBXSourcesBuildPhase;
			buildActionMask = 2147483647;
			files = (
				84752AAD1FB03F4A004FFC91 /* UIView+Util.m in Sources */,
				9994FAF51EC5497D0042CFE6 /* UIViewController+CurrentVc.m in Sources */,
				992A5AC51EC9B3E9006B6ABD /* QYNativeNetWork.m in Sources */,
				992A5AA21EC95198006B6ABD /* MainTableVC.m in Sources */,
				99F86B4A1EE7E9DD0065AADE /* Person.xcdatamodeld in Sources */,
				84752AAB1FB03F4A004FFC91 /* UIImage+ColorImage.m in Sources */,
				992A5AB61EC998DF006B6ABD /* QYAFNetWork.m in Sources */,
				99FC7CFA1EF4C2F30061359E /* Foundation+Log.m in Sources */,
				99FC7CF61EF4C2180061359E /* QYDateUtil.m in Sources */,
				84752AAA1FB03F4A004FFC91 /* UIColor+Util.m in Sources */,
				7DA581C22134E546004E0BB5 /* ResponseModel.m in Sources */,
				992A5AA61EC95781006B6ABD /* UIPlaceHolderTextView.mm in Sources */,
				9944E82C1EC06B3C004971A0 /* AppDelegate.m in Sources */,
				84752AAC1FB03F4A004FFC91 /* MBProgressHUD+QY.m in Sources */,
				992A5AA91EC95A79006B6ABD /* AFNetworkingDefaultVC.m in Sources */,
				9944E8291EC06B3C004971A0 /* main.m in Sources */,
			);
			runOnlyForDeploymentPostprocessing = 0;
		};
/* End PBXSourcesBuildPhase section */

/* Begin PBXVariantGroup section */
		9944E8301EC06B3C004971A0 /* Main.storyboard */ = {
			isa = PBXVariantGroup;
			children = (
				9944E8311EC06B3C004971A0 /* Base */,
			);
			name = Main.storyboard;
			sourceTree = "<group>";
		};
		9944E8351EC06B3C004971A0 /* LaunchScreen.storyboard */ = {
			isa = PBXVariantGroup;
			children = (
				9944E8361EC06B3C004971A0 /* Base */,
			);
			name = LaunchScreen.storyboard;
			sourceTree = "<group>";
		};
/* End PBXVariantGroup section */

/* Begin XCBuildConfiguration section */
		9944E8391EC06B3C004971A0 /* Debug */ = {
			isa = XCBuildConfiguration;
			buildSettings = {
				ALWAYS_SEARCH_USER_PATHS = NO;
				CLANG_ANALYZER_NONNULL = YES;
				CLANG_ANALYZER_NUMBER_OBJECT_CONVERSION = YES_AGGRESSIVE;
				CLANG_CXX_LANGUAGE_STANDARD = "gnu++0x";
				CLANG_CXX_LIBRARY = "libc++";
				CLANG_ENABLE_MODULES = YES;
				CLANG_ENABLE_OBJC_ARC = YES;
				CLANG_WARN_BOOL_CONVERSION = YES;
				CLANG_WARN_CONSTANT_CONVERSION = YES;
				CLANG_WARN_DIRECT_OBJC_ISA_USAGE = YES_ERROR;
				CLANG_WARN_DOCUMENTATION_COMMENTS = YES;
				CLANG_WARN_EMPTY_BODY = YES;
				CLANG_WARN_ENUM_CONVERSION = YES;
				CLANG_WARN_INFINITE_RECURSION = YES;
				CLANG_WARN_INT_CONVERSION = YES;
				CLANG_WARN_OBJC_ROOT_CLASS = YES_ERROR;
				CLANG_WARN_SUSPICIOUS_MOVE = YES;
				CLANG_WARN_UNREACHABLE_CODE = YES;
				CLANG_WARN__DUPLICATE_METHOD_MATCH = YES;
				"CODE_SIGN_IDENTITY[sdk=iphoneos*]" = "iPhone Developer";
				COPY_PHASE_STRIP = NO;
				DEBUG_INFORMATION_FORMAT = dwarf;
				ENABLE_STRICT_OBJC_MSGSEND = YES;
				ENABLE_TESTABILITY = YES;
				GCC_C_LANGUAGE_STANDARD = gnu99;
				GCC_DYNAMIC_NO_PIC = NO;
				GCC_NO_COMMON_BLOCKS = YES;
				GCC_OPTIMIZATION_LEVEL = 0;
				GCC_PRECOMPILE_PREFIX_HEADER = YES;
				GCC_PREPROCESSOR_DEFINITIONS = (
					"DEBUG=1",
					"$(inherited)",
				);
				GCC_WARN_64_TO_32_BIT_CONVERSION = YES;
				GCC_WARN_ABOUT_RETURN_TYPE = YES_ERROR;
				GCC_WARN_UNDECLARED_SELECTOR = YES;
				GCC_WARN_UNINITIALIZED_AUTOS = YES_AGGRESSIVE;
				GCC_WARN_UNUSED_FUNCTION = YES;
				GCC_WARN_UNUSED_VARIABLE = YES;
				IPHONEOS_DEPLOYMENT_TARGET = 10.3;
				MTL_ENABLE_DEBUG_INFO = YES;
				ONLY_ACTIVE_ARCH = YES;
				SDKROOT = iphoneos;
			};
			name = Debug;
		};
		9944E83A1EC06B3C004971A0 /* Release */ = {
			isa = XCBuildConfiguration;
			buildSettings = {
				ALWAYS_SEARCH_USER_PATHS = NO;
				CLANG_ANALYZER_NONNULL = YES;
				CLANG_ANALYZER_NUMBER_OBJECT_CONVERSION = YES_AGGRESSIVE;
				CLANG_CXX_LANGUAGE_STANDARD = "gnu++0x";
				CLANG_CXX_LIBRARY = "libc++";
				CLANG_ENABLE_MODULES = YES;
				CLANG_ENABLE_OBJC_ARC = YES;
				CLANG_WARN_BOOL_CONVERSION = YES;
				CLANG_WARN_CONSTANT_CONVERSION = YES;
				CLANG_WARN_DIRECT_OBJC_ISA_USAGE = YES_ERROR;
				CLANG_WARN_DOCUMENTATION_COMMENTS = YES;
				CLANG_WARN_EMPTY_BODY = YES;
				CLANG_WARN_ENUM_CONVERSION = YES;
				CLANG_WARN_INFINITE_RECURSION = YES;
				CLANG_WARN_INT_CONVERSION = YES;
				CLANG_WARN_OBJC_ROOT_CLASS = YES_ERROR;
				CLANG_WARN_SUSPICIOUS_MOVE = YES;
				CLANG_WARN_UNREACHABLE_CODE = YES;
				CLANG_WARN__DUPLICATE_METHOD_MATCH = YES;
				"CODE_SIGN_IDENTITY[sdk=iphoneos*]" = "iPhone Developer";
				COPY_PHASE_STRIP = NO;
				DEBUG_INFORMATION_FORMAT = "dwarf-with-dsym";
				ENABLE_NS_ASSERTIONS = NO;
				ENABLE_STRICT_OBJC_MSGSEND = YES;
				GCC_C_LANGUAGE_STANDARD = gnu99;
				GCC_NO_COMMON_BLOCKS = YES;
				GCC_PRECOMPILE_PREFIX_HEADER = YES;
				GCC_WARN_64_TO_32_BIT_CONVERSION = YES;
				GCC_WARN_ABOUT_RETURN_TYPE = YES_ERROR;
				GCC_WARN_UNDECLARED_SELECTOR = YES;
				GCC_WARN_UNINITIALIZED_AUTOS = YES_AGGRESSIVE;
				GCC_WARN_UNUSED_FUNCTION = YES;
				GCC_WARN_UNUSED_VARIABLE = YES;
				IPHONEOS_DEPLOYMENT_TARGET = 10.3;
				MTL_ENABLE_DEBUG_INFO = NO;
				SDKROOT = iphoneos;
				VALIDATE_PRODUCT = YES;
			};
			name = Release;
		};
		9944E83C1EC06B3C004971A0 /* Debug */ = {
			isa = XCBuildConfiguration;
			baseConfigurationReference = 3FEA69CC05BF93135B5DAF57 /* Pods-QYTools.debug.xcconfig */;
			buildSettings = {
				ASSETCATALOG_COMPILER_APPICON_NAME = AppIcon;
				CLANG_ENABLE_MODULES = YES;
				DEVELOPMENT_TEAM = FUT47GAT5A;
				GCC_PRECOMPILE_PREFIX_HEADER = YES;
				GCC_PREFIX_HEADER = "$(SRCROOT)/QYTools/QYTools.pch";
				INFOPLIST_FILE = QYTools/Info.plist;
				LD_RUNPATH_SEARCH_PATHS = "$(inherited) @executable_path/Frameworks";
				PRODUCT_BUNDLE_IDENTIFIER = "com.busibuyu-163.QYTools";
				PRODUCT_NAME = "$(TARGET_NAME)";
				SWIFT_OPTIMIZATION_LEVEL = "-Onone";
				SWIFT_VERSION = 3.0;
			};
			name = Debug;
		};
		9944E83D1EC06B3C004971A0 /* Release */ = {
			isa = XCBuildConfiguration;
			baseConfigurationReference = 5228D9F6776A0A269783B8BC /* Pods-QYTools.release.xcconfig */;
			buildSettings = {
				ASSETCATALOG_COMPILER_APPICON_NAME = AppIcon;
				CLANG_ENABLE_MODULES = YES;
				DEVELOPMENT_TEAM = FUT47GAT5A;
				GCC_PRECOMPILE_PREFIX_HEADER = YES;
				GCC_PREFIX_HEADER = "$(SRCROOT)/QYTools/QYTools.pch";
				INFOPLIST_FILE = QYTools/Info.plist;
				LD_RUNPATH_SEARCH_PATHS = "$(inherited) @executable_path/Frameworks";
				PRODUCT_BUNDLE_IDENTIFIER = "com.busibuyu-163.QYTools";
				PRODUCT_NAME = "$(TARGET_NAME)";
				SWIFT_VERSION = 3.0;
			};
			name = Release;
		};
/* End XCBuildConfiguration section */

/* Begin XCConfigurationList section */
		9944E81F1EC06B3C004971A0 /* Build configuration list for PBXProject "QYTools" */ = {
			isa = XCConfigurationList;
			buildConfigurations = (
				9944E8391EC06B3C004971A0 /* Debug */,
				9944E83A1EC06B3C004971A0 /* Release */,
			);
			defaultConfigurationIsVisible = 0;
			defaultConfigurationName = Release;
		};
		9944E83B1EC06B3C004971A0 /* Build configuration list for PBXNativeTarget "QYTools" */ = {
			isa = XCConfigurationList;
			buildConfigurations = (
				9944E83C1EC06B3C004971A0 /* Debug */,
				9944E83D1EC06B3C004971A0 /* Release */,
			);
			defaultConfigurationIsVisible = 0;
			defaultConfigurationName = Release;
		};
/* End XCConfigurationList section */

/* Begin XCVersionGroup section */
		99F86B481EE7E9DD0065AADE /* Person.xcdatamodeld */ = {
			isa = XCVersionGroup;
			children = (
				99F86B4B1EE7EA280065AADE /* Person 2.xcdatamodel */,
				99F86B491EE7E9DD0065AADE /* Person.xcdatamodel */,
			);
			currentVersion = 99F86B491EE7E9DD0065AADE /* Person.xcdatamodel */;
			path = Person.xcdatamodeld;
			sourceTree = "<group>";
			versionGroupType = wrapper.xcdatamodel;
		};
/* End XCVersionGroup section */
	};
	rootObject = 9944E81C1EC06B3C004971A0 /* Project object */;
}
